
Microsoft Visual Studio Solution File, Format Version 12.00
# Visual Studio Version 16
VisualStudioVersion = 16.0.30717.126
MinimumVisualStudioVersion = 10.0.40219.1
Project("{FAE04EC0-301F-11D3-BF4B-00C04F79EFBC}") = "WPF_MvvMTest", "WPF_MvvMTest\WPF_MvvMTest.csproj", "{298C7438-ABC3-4828-8E57-7334E12130DC}"
EndProject
Project("{FAE04EC0-301F-11D3-BF4B-00C04F79EFBC}") = "WPF_Test_UI", "WPF_Test_UI\WPF_Test_UI.csproj", "{40153AB0-D790-4E84-AB08-D7764CEC1D7E}"
EndProject
Project("{FAE04EC0-301F-11D3-BF4B-00C04F79EFBC}") = "Web_netCore", "Web_netCore\Web_netCore.csproj", "{10CA9F1B-BB98-4FE3-A22A-23E38DE25F90}"
EndProject
Global
	GlobalSection(SolutionConfigurationPlatforms) = preSolution
		Debug|Any CPU = Debug|Any CPU
		Release|Any CPU = Release|Any CPU
	EndGlobalSection
	GlobalSection(ProjectConfigurationPlatforms) = postSolution
		{298C7438-ABC3-4828-8E57-7334E12130DC}.Debug|Any CPU.ActiveCfg = Debug|Any CPU
		{298C7438-ABC3-4828-8E57-7334E12130DC}.Debug|Any CPU.Build.0 = Debug|Any CPU
		{298C7438-ABC3-4828-8E57-7334E12130DC}.Release|Any CPU.ActiveCfg = Release|Any CPU
		{298C7438-ABC3-4828-8E57-7334E12130DC}.Release|Any CPU.Build.0 = Release|Any CPU
		{40153AB0-D790-4E84-AB08-D7764CEC1D7E}.Debug|Any CPU.ActiveCfg = Debug|Any CPU
		{40153AB0-D790-4E84-AB08-D7764CEC1D7E}.Debug|Any CPU.Build.0 = Debug|Any CPU
		{40153AB0-D790-4E84-AB08-D7764CEC1D7E}.Release|Any CPU.ActiveCfg = Release|Any CPU
		{40153AB0-D790-4E84-AB08-D7764CEC1D7E}.Release|Any CPU.Build.0 = Release|Any CPU
		{10CA9F1B-BB98-4FE3-A22A-23E38DE25F90}.Debug|Any CPU.ActiveCfg = Debug|Any CPU
		{10CA9F1B-BB98-4FE3-A22A-23E38DE25F90}.Debug|Any CPU.Build.0 = Debug|Any CPU
		{10CA9F1B-BB98-4FE3-A22A-23E38DE25F90}.Release|Any CPU.ActiveCfg = Release|Any CPU
		{10CA9F1B-BB98-4FE3-A22A-23E38DE25F90}.Release|Any CPU.Build.0 = Release|Any CPU
	EndGlobalSection
	GlobalSection(SolutionProperties) = preSolution
		HideSolutionNode = FALSE
	EndGlobalSection
	GlobalSection(ExtensibilityGlobals) = postSolution
		SolutionGuid = {4B166599-1BDC-4A56-8601-D7C7F46BA408}
	EndGlobalSection
EndGlobal
